
Microsoft Visual Studio Solution File, Format Version 12.00
Project("{FAE04EC0-301F-11D3-BF4B-00C04F79EFBC}") = "Restaurant", "Restaurant\Restaurant.csproj", "{5765402C-52EE-4348-B471-4A8F14030887}"
EndProject
Global
	GlobalSection(SolutionConfigurationPlatforms) = preSolution
		Debug|Any CPU = Debug|Any CPU
		Release|Any CPU = Release|Any CPU
	EndGlobalSection
	GlobalSection(ProjectConfigurationPlatforms) = postSolution
		{5765402C-52EE-4348-B471-4A8F14030887}.Debug|Any CPU.ActiveCfg = Debug|Any CPU
		{5765402C-52EE-4348-B471-4A8F14030887}.Debug|Any CPU.Build.0 = Debug|Any CPU
		{5765402C-52EE-4348-B471-4A8F14030887}.Release|Any CPU.ActiveCfg = Release|Any CPU
		{5765402C-52EE-4348-B471-4A8F14030887}.Release|Any CPU.Build.0 = Release|Any CPU
	EndGlobalSection
EndGlobal
